
Microsoft Visual Studio Solution File, Format Version 12.00
# Visual Studio Version 16
VisualStudioVersion = 16.0.29230.61
MinimumVisualStudioVersion = 10.0.40219.1
Project("{FAE04EC0-301F-11D3-BF4B-00C04F79EFBC}") = "BlazorPresentationDemo", "BlazorPresentationDemo\BlazorPresentationDemo.csproj", "{AB0A3EA3-8070-47F0-B91B-C03CBE491AC1}"
EndProject
Global
	GlobalSection(SolutionConfigurationPlatforms) = preSolution
		Debug|Any CPU = Debug|Any CPU
		Release|Any CPU = Release|Any CPU
	EndGlobalSection
	GlobalSection(ProjectConfigurationPlatforms) = postSolution
		{AB0A3EA3-8070-47F0-B91B-C03CBE491AC1}.Debug|Any CPU.ActiveCfg = Debug|Any CPU
		{AB0A3EA3-8070-47F0-B91B-C03CBE491AC1}.Debug|Any CPU.Build.0 = Debug|Any CPU
		{AB0A3EA3-8070-47F0-B91B-C03CBE491AC1}.Release|Any CPU.ActiveCfg = Release|Any CPU
		{AB0A3EA3-8070-47F0-B91B-C03CBE491AC1}.Release|Any CPU.Build.0 = Release|Any CPU
	EndGlobalSection
	GlobalSection(SolutionProperties) = preSolution
		HideSolutionNode = FALSE
	EndGlobalSection
	GlobalSection(ExtensibilityGlobals) = postSolution
		SolutionGuid = {A92B2200-FD59-4D4B-9E14-CC18015DFE78}
	EndGlobalSection
EndGlobal
